
Microsoft Visual Studio Solution File, Format Version 12.00
# Visual Studio Version 17
VisualStudioVersion = 17.4.33103.184
MinimumVisualStudioVersion = 10.0.40219.1
Project("{FAE04EC0-301F-11D3-BF4B-00C04F79EFBC}") = "CapenexisLearners22", "CapenexisLearners22.csproj", "{C87CC47A-8EB6-44BA-A4AA-6DA52A185856}"
EndProject
Global
	GlobalSection(SolutionConfigurationPlatforms) = preSolution
		Debug|Any CPU = Debug|Any CPU
		Release|Any CPU = Release|Any CPU
	EndGlobalSection
	GlobalSection(ProjectConfigurationPlatforms) = postSolution
		{C87CC47A-8EB6-44BA-A4AA-6DA52A185856}.Debug|Any CPU.ActiveCfg = Debug|Any CPU
		{C87CC47A-8EB6-44BA-A4AA-6DA52A185856}.Debug|Any CPU.Build.0 = Debug|Any CPU
		{C87CC47A-8EB6-44BA-A4AA-6DA52A185856}.Release|Any CPU.ActiveCfg = Release|Any CPU
		{C87CC47A-8EB6-44BA-A4AA-6DA52A185856}.Release|Any CPU.Build.0 = Release|Any CPU
	EndGlobalSection
	GlobalSection(SolutionProperties) = preSolution
		HideSolutionNode = FALSE
	EndGlobalSection
	GlobalSection(ExtensibilityGlobals) = postSolution
		SolutionGuid = {F8B87411-1CD9-47D7-8BE1-B3A9E33AAF46}
	EndGlobalSection
EndGlobal
